
Microsoft Visual Studio Solution File, Format Version 12.00
# Visual Studio 15
VisualStudioVersion = 15.0.26730.15
MinimumVisualStudioVersion = 10.0.40219.1
Project("{FAE04EC0-301F-11D3-BF4B-00C04F79EFBC}") = "XrnCourse.ImagesExamples.Android", "XrnCourse.ImagesExamples\XrnCourse.ImagesExamples.Android\XrnCourse.ImagesExamples.Android.csproj", "{DF726D92-F2CF-46C3-803C-59A597827C25}"
EndProject
Project("{FAE04EC0-301F-11D3-BF4B-00C04F79EFBC}") = "XrnCourse.ImagesExamples", "XrnCourse.ImagesExamples\XrnCourse.ImagesExamples\XrnCourse.ImagesExamples.csproj", "{54B6C2E6-B0E3-43F7-9E8C-1F0E373849C4}"
EndProject
Project("{FAE04EC0-301F-11D3-BF4B-00C04F79EFBC}") = "XrnCourse.ImagesExamples.UWP", "XrnCourse.ImagesExamples\XrnCourse.ImagesExamples.UWP\XrnCourse.ImagesExamples.UWP.csproj", "{85CF108E-F2A1-457E-A06C-79DB2F9AC85D}"
EndProject
Project("{FAE04EC0-301F-11D3-BF4B-00C04F79EFBC}") = "XrnCourse.ImagesExamples.iOS", "XrnCourse.ImagesExamples\XrnCourse.ImagesExamples.iOS\XrnCourse.ImagesExamples.iOS.csproj", "{2D5066F3-7B74-4847-BFED-C0F17CE1AF1A}"
EndProject
Global
	GlobalSection(SolutionConfigurationPlatforms) = preSolution
		Ad-Hoc|Any CPU = Ad-Hoc|Any CPU
		Ad-Hoc|ARM = Ad-Hoc|ARM
		Ad-Hoc|iPhone = Ad-Hoc|iPhone
		Ad-Hoc|iPhoneSimulator = Ad-Hoc|iPhoneSimulator
		Ad-Hoc|x64 = Ad-Hoc|x64
		Ad-Hoc|x86 = Ad-Hoc|x86
		AppStore|Any CPU = AppStore|Any CPU
		AppStore|ARM = AppStore|ARM
		AppStore|iPhone = AppStore|iPhone
		AppStore|iPhoneSimulator = AppStore|iPhoneSimulator
		AppStore|x64 = AppStore|x64
		AppStore|x86 = AppStore|x86
		Debug|Any CPU = Debug|Any CPU
		Debug|ARM = Debug|ARM
		Debug|iPhone = Debug|iPhone
		Debug|iPhoneSimulator = Debug|iPhoneSimulator
		Debug|x64 = Debug|x64
		Debug|x86 = Debug|x86
		Release|Any CPU = Release|Any CPU
		Release|ARM = Release|ARM
		Release|iPhone = Release|iPhone
		Release|iPhoneSimulator = Release|iPhoneSimulator
		Release|x64 = Release|x64
		Release|x86 = Release|x86
	EndGlobalSection
	GlobalSection(ProjectConfigurationPlatforms) = postSolution
		{DF726D92-F2CF-46C3-803C-59A597827C25}.Ad-Hoc|Any CPU.ActiveCfg = Release|Any CPU
		{DF726D92-F2CF-46C3-803C-59A597827C25}.Ad-Hoc|Any CPU.Build.0 = Release|Any CPU
		{DF726D92-F2CF-46C3-803C-59A597827C25}.Ad-Hoc|Any CPU.Deploy.0 = Release|Any CPU
		{DF726D92-F2CF-46C3-803C-59A597827C25}.Ad-Hoc|ARM.ActiveCfg = Release|Any CPU
		{DF726D92-F2CF-46C3-803C-59A597827C25}.Ad-Hoc|ARM.Build.0 = Release|Any CPU
		{DF726D92-F2CF-46C3-803C-59A597827C25}.Ad-Hoc|ARM.Deploy.0 = Release|Any CPU
		{DF726D92-F2CF-46C3-803C-59A597827C25}.Ad-Hoc|iPhone.ActiveCfg = Release|Any CPU
		{DF726D92-F2CF-46C3-803C-59A597827C25}.Ad-Hoc|iPhone.Build.0 = Release|Any CPU
		{DF726D92-F2CF-46C3-803C-59A597827C25}.Ad-Hoc|iPhone.Deploy.0 = Release|Any CPU
		{DF726D92-F2CF-46C3-803C-59A597827C25}.Ad-Hoc|iPhoneSimulator.ActiveCfg = Release|Any CPU
		{DF726D92-F2CF-46C3-803C-59A597827C25}.Ad-Hoc|iPhoneSimulator.Build.0 = Release|Any CPU
		{DF726D92-F2CF-46C3-803C-59A597827C25}.Ad-Hoc|iPhoneSimulator.Deploy.0 = Release|Any CPU
		{DF726D92-F2CF-46C3-803C-59A597827C25}.Ad-Hoc|x64.ActiveCfg = Release|Any CPU
		{DF726D92-F2CF-46C3-803C-59A597827C25}.Ad-Hoc|x64.Build.0 = Release|Any CPU
		{DF726D92-F2CF-46C3-803C-59A597827C25}.Ad-Hoc|x64.Deploy.0 = Release|Any CPU
		{DF726D92-F2CF-46C3-803C-59A597827C25}.Ad-Hoc|x86.ActiveCfg = Release|Any CPU
		{DF726D92-F2CF-46C3-803C-59A597827C25}.Ad-Hoc|x86.Build.0 = Release|Any CPU
		{DF726D92-F2CF-46C3-803C-59A597827C25}.Ad-Hoc|x86.Deploy.0 = Release|Any CPU
		{DF726D92-F2CF-46C3-803C-59A597827C25}.AppStore|Any CPU.ActiveCfg = Release|Any CPU
		{DF726D92-F2CF-46C3-803C-59A597827C25}.AppStore|Any CPU.Build.0 = Release|Any CPU
		{DF726D92-F2CF-46C3-803C-59A597827C25}.AppStore|Any CPU.Deploy.0 = Release|Any CPU
		{DF726D92-F2CF-46C3-803C-59A597827C25}.AppStore|ARM.ActiveCfg = Release|Any CPU
		{DF726D92-F2CF-46C3-803C-59A597827C25}.AppStore|ARM.Build.0 = Release|Any CPU
		{DF726D92-F2CF-46C3-803C-59A597827C25}.AppStore|ARM.Deploy.0 = Release|Any CPU
		{DF726D92-F2CF-46C3-803C-59A597827C25}.AppStore|iPhone.ActiveCfg = Release|Any CPU
		{DF726D92-F2CF-46C3-803C-59A597827C25}.AppStore|iPhone.Build.0 = Release|Any CPU
		{DF726D92-F2CF-46C3-803C-59A597827C25}.AppStore|iPhone.Deploy.0 = Release|Any CPU
		{DF726D92-F2CF-46C3-803C-59A597827C25}.AppStore|iPhoneSimulator.ActiveCfg = Release|Any CPU
		{DF726D92-F2CF-46C3-803C-59A597827C25}.AppStore|iPhoneSimulator.Build.0 = Release|Any CPU
		{DF726D92-F2CF-46C3-803C-59A597827C25}.AppStore|iPhoneSimulator.Deploy.0 = Release|Any CPU
		{DF726D92-F2CF-46C3-803C-59A597827C25}.AppStore|x64.ActiveCfg = Release|Any CPU
		{DF726D92-F2CF-46C3-803C-59A597827C25}.AppStore|x64.Build.0 = Release|Any CPU
		{DF726D92-F2CF-46C3-803C-59A597827C25}.AppStore|x64.Deploy.0 = Release|Any CPU
		{DF726D92-F2CF-46C3-803C-59A597827C25}.AppStore|x86.ActiveCfg = Release|Any CPU
		{DF726D92-F2CF-46C3-803C-59A597827C25}.AppStore|x86.Build.0 = Release|Any CPU
		{DF726D92-F2CF-46C3-803C-59A597827C25}.AppStore|x86.Deploy.0 = Release|Any CPU
		{DF726D92-F2CF-46C3-803C-59A597827C25}.Debug|Any CPU.ActiveCfg = Debug|Any CPU
		{DF726D92-F2CF-46C3-803C-59A597827C25}.Debug|Any CPU.Build.0 = Debug|Any CPU
		{DF726D92-F2CF-46C3-803C-59A597827C25}.Debug|Any CPU.Deploy.0 = Debug|Any CPU
		{DF726D92-F2CF-46C3-803C-59A597827C25}.Debug|ARM.ActiveCfg = Debug|Any CPU
		{DF726D92-F2CF-46C3-803C-59A597827C25}.Debug|ARM.Build.0 = Debug|Any CPU
		{DF726D92-F2CF-46C3-803C-59A597827C25}.Debug|ARM.Deploy.0 = Debug|Any CPU
		{DF726D92-F2CF-46C3-803C-59A597827C25}.Debug|iPhone.ActiveCfg = Debug|Any CPU
		{DF726D92-F2CF-46C3-803C-59A597827C25}.Debug|iPhone.Build.0 = Debug|Any CPU
		{DF726D92-F2CF-46C3-803C-59A597827C25}.Debug|iPhone.Deploy.0 = Debug|Any CPU
		{DF726D92-F2CF-46C3-803C-59A597827C25}.Debug|iPhoneSimulator.ActiveCfg = Debug|Any CPU
		{DF726D92-F2CF-46C3-803C-59A597827C25}.Debug|iPhoneSimulator.Build.0 = Debug|Any CPU
		{DF726D92-F2CF-46C3-803C-59A597827C25}.Debug|iPhoneSimulator.Deploy.0 = Debug|Any CPU
		{DF726D92-F2CF-46C3-803C-59A597827C25}.Debug|x64.ActiveCfg = Debug|Any CPU
		{DF726D92-F2CF-46C3-803C-59A597827C25}.Debug|x64.Build.0 = Debug|Any CPU
		{DF726D92-F2CF-46C3-803C-59A597827C25}.Debug|x64.Deploy.0 = Debug|Any CPU
		{DF726D92-F2CF-46C3-803C-59A597827C25}.Debug|x86.ActiveCfg = Debug|Any CPU
		{DF726D92-F2CF-46C3-803C-59A597827C25}.Debug|x86.Build.0 = Debug|Any CPU
		{DF726D92-F2CF-46C3-803C-59A597827C25}.Debug|x86.Deploy.0 = Debug|Any CPU
		{DF726D92-F2CF-46C3-803C-59A597827C25}.Release|Any CPU.ActiveCfg = Release|Any CPU
		{DF726D92-F2CF-46C3-803C-59A597827C25}.Release|Any CPU.Build.0 = Release|Any CPU
		{DF726D92-F2CF-46C3-803C-59A597827C25}.Release|Any CPU.Deploy.0 = Release|Any CPU
		{DF726D92-F2CF-46C3-803C-59A597827C25}.Release|ARM.ActiveCfg = Release|Any CPU
		{DF726D92-F2CF-46C3-803C-59A597827C25}.Release|ARM.Build.0 = Release|Any CPU
		{DF726D92-F2CF-46C3-803C-59A597827C25}.Release|ARM.Deploy.0 = Release|Any CPU
		{DF726D92-F2CF-46C3-803C-59A597827C25}.Release|iPhone.ActiveCfg = Release|Any CPU
		{DF726D92-F2CF-46C3-803C-59A597827C25}.Release|iPhone.Build.0 = Release|Any CPU
		{DF726D92-F2CF-46C3-803C-59A597827C25}.Release|iPhone.Deploy.0 = Release|Any CPU
		{DF726D92-F2CF-46C3-803C-59A597827C25}.Release|iPhoneSimulator.ActiveCfg = Release|Any CPU
		{DF726D92-F2CF-46C3-803C-59A597827C25}.Release|iPhoneSimulator.Build.0 = Release|Any CPU
		{DF726D92-F2CF-46C3-803C-59A597827C25}.Release|iPhoneSimulator.Deploy.0 = Release|Any CPU
		{DF726D92-F2CF-46C3-803C-59A597827C25}.Release|x64.ActiveCfg = Release|Any CPU
		{DF726D92-F2CF-46C3-803C-59A597827C25}.Release|x64.Build.0 = Release|Any CPU
		{DF726D92-F2CF-46C3-803C-59A597827C25}.Release|x64.Deploy.0 = Release|Any CPU
		{DF726D92-F2CF-46C3-803C-59A597827C25}.Release|x86.ActiveCfg = Release|Any CPU
		{DF726D92-F2CF-46C3-803C-59A597827C25}.Release|x86.Build.0 = Release|Any CPU
		{DF726D92-F2CF-46C3-803C-59A597827C25}.Release|x86.Deploy.0 = Release|Any CPU
		{54B6C2E6-B0E3-43F7-9E8C-1F0E373849C4}.Ad-Hoc|Any CPU.ActiveCfg = Release|Any CPU
		{54B6C2E6-B0E3-43F7-9E8C-1F0E373849C4}.Ad-Hoc|Any CPU.Build.0 = Release|Any CPU
		{54B6C2E6-B0E3-43F7-9E8C-1F0E373849C4}.Ad-Hoc|ARM.ActiveCfg = Release|Any CPU
		{54B6C2E6-B0E3-43F7-9E8C-1F0E373849C4}.Ad-Hoc|ARM.Build.0 = Release|Any CPU
		{54B6C2E6-B0E3-43F7-9E8C-1F0E373849C4}.Ad-Hoc|iPhone.ActiveCfg = Release|Any CPU
		{54B6C2E6-B0E3-43F7-9E8C-1F0E373849C4}.Ad-Hoc|iPhone.Build.0 = Release|Any CPU
		{54B6C2E6-B0E3-43F7-9E8C-1F0E373849C4}.Ad-Hoc|iPhoneSimulator.ActiveCfg = Release|Any CPU
		{54B6C2E6-B0E3-43F7-9E8C-1F0E373849C4}.Ad-Hoc|iPhoneSimulator.Build.0 = Release|Any CPU
		{54B6C2E6-B0E3-43F7-9E8C-1F0E373849C4}.Ad-Hoc|x64.ActiveCfg = Release|Any CPU
		{54B6C2E6-B0E3-43F7-9E8C-1F0E373849C4}.Ad-Hoc|x64.Build.0 = Release|Any CPU
		{54B6C2E6-B0E3-43F7-9E8C-1F0E373849C4}.Ad-Hoc|x86.ActiveCfg = Release|Any CPU
		{54B6C2E6-B0E3-43F7-9E8C-1F0E373849C4}.Ad-Hoc|x86.Build.0 = Release|Any CPU
		{54B6C2E6-B0E3-43F7-9E8C-1F0E373849C4}.AppStore|Any CPU.ActiveCfg = Release|Any CPU
		{54B6C2E6-B0E3-43F7-9E8C-1F0E373849C4}.AppStore|Any CPU.Build.0 = Release|Any CPU
		{54B6C2E6-B0E3-43F7-9E8C-1F0E373849C4}.AppStore|ARM.ActiveCfg = Release|Any CPU
		{54B6C2E6-B0E3-43F7-9E8C-1F0E373849C4}.AppStore|ARM.Build.0 = Release|Any CPU
		{54B6C2E6-B0E3-43F7-9E8C-1F0E373849C4}.AppStore|iPhone.ActiveCfg = Release|Any CPU
		{54B6C2E6-B0E3-43F7-9E8C-1F0E373849C4}.AppStore|iPhone.Build.0 = Release|Any CPU
		{54B6C2E6-B0E3-43F7-9E8C-1F0E373849C4}.AppStore|iPhoneSimulator.ActiveCfg = Release|Any CPU
		{54B6C2E6-B0E3-43F7-9E8C-1F0E373849C4}.AppStore|iPhoneSimulator.Build.0 = Release|Any CPU
		{54B6C2E6-B0E3-43F7-9E8C-1F0E373849C4}.AppStore|x64.ActiveCfg = Release|Any CPU
		{54B6C2E6-B0E3-43F7-9E8C-1F0E373849C4}.AppStore|x64.Build.0 = Release|Any CPU
		{54B6C2E6-B0E3-43F7-9E8C-1F0E373849C4}.AppStore|x86.ActiveCfg = Release|Any CPU
		{54B6C2E6-B0E3-43F7-9E8C-1F0E373849C4}.AppStore|x86.Build.0 = Release|Any CPU
		{54B6C2E6-B0E3-43F7-9E8C-1F0E373849C4}.Debug|Any CPU.ActiveCfg = Debug|Any CPU
		{54B6C2E6-B0E3-43F7-9E8C-1F0E373849C4}.Debug|Any CPU.Build.0 = Debug|Any CPU
		{54B6C2E6-B0E3-43F7-9E8C-1F0E373849C4}.Debug|ARM.ActiveCfg = Debug|Any CPU
		{54B6C2E6-B0E3-43F7-9E8C-1F0E373849C4}.Debug|ARM.Build.0 = Debug|Any CPU
		{54B6C2E6-B0E3-43F7-9E8C-1F0E373849C4}.Debug|iPhone.ActiveCfg = Debug|Any CPU
		{54B6C2E6-B0E3-43F7-9E8C-1F0E373849C4}.Debug|iPhone.Build.0 = Debug|Any CPU
		{54B6C2E6-B0E3-43F7-9E8C-1F0E373849C4}.Debug|iPhoneSimulator.ActiveCfg = Debug|Any CPU
		{54B6C2E6-B0E3-43F7-9E8C-1F0E373849C4}.Debug|iPhoneSimulator.Build.0 = Debug|Any CPU
		{54B6C2E6-B0E3-43F7-9E8C-1F0E373849C4}.Debug|x64.ActiveCfg = Debug|Any CPU
		{54B6C2E6-B0E3-43F7-9E8C-1F0E373849C4}.Debug|x64.Build.0 = Debug|Any CPU
		{54B6C2E6-B0E3-43F7-9E8C-1F0E373849C4}.Debug|x86.ActiveCfg = Debug|Any CPU
		{54B6C2E6-B0E3-43F7-9E8C-1F0E373849C4}.Debug|x86.Build.0 = Debug|Any CPU
		{54B6C2E6-B0E3-43F7-9E8C-1F0E373849C4}.Release|Any CPU.ActiveCfg = Release|Any CPU
		{54B6C2E6-B0E3-43F7-9E8C-1F0E373849C4}.Release|Any CPU.Build.0 = Release|Any CPU
		{54B6C2E6-B0E3-43F7-9E8C-1F0E373849C4}.Release|ARM.ActiveCfg = Release|Any CPU
		{54B6C2E6-B0E3-43F7-9E8C-1F0E373849C4}.Release|ARM.Build.0 = Release|Any CPU
		{54B6C2E6-B0E3-43F7-9E8C-1F0E373849C4}.Release|iPhone.ActiveCfg = Release|Any CPU
		{54B6C2E6-B0E3-43F7-9E8C-1F0E373849C4}.Release|iPhone.Build.0 = Release|Any CPU
		{54B6C2E6-B0E3-43F7-9E8C-1F0E373849C4}.Release|iPhoneSimulator.ActiveCfg = Release|Any CPU
		{54B6C2E6-B0E3-43F7-9E8C-1F0E373849C4}.Release|iPhoneSimulator.Build.0 = Release|Any CPU
		{54B6C2E6-B0E3-43F7-9E8C-1F0E373849C4}.Release|x64.ActiveCfg = Release|Any CPU
		{54B6C2E6-B0E3-43F7-9E8C-1F0E373849C4}.Release|x64.Build.0 = Release|Any CPU
		{54B6C2E6-B0E3-43F7-9E8C-1F0E373849C4}.Release|x86.ActiveCfg = Release|Any CPU
		{54B6C2E6-B0E3-43F7-9E8C-1F0E373849C4}.Release|x86.Build.0 = Release|Any CPU
		{85CF108E-F2A1-457E-A06C-79DB2F9AC85D}.Ad-Hoc|Any CPU.ActiveCfg = Release|x86
		{85CF108E-F2A1-457E-A06C-79DB2F9AC85D}.Ad-Hoc|Any CPU.Build.0 = Release|x86
		{85CF108E-F2A1-457E-A06C-79DB2F9AC85D}.Ad-Hoc|Any CPU.Deploy.0 = Release|x86
		{85CF108E-F2A1-457E-A06C-79DB2F9AC85D}.Ad-Hoc|ARM.ActiveCfg = Release|ARM
		{85CF108E-F2A1-457E-A06C-79DB2F9AC85D}.Ad-Hoc|ARM.Build.0 = Release|ARM
		{85CF108E-F2A1-457E-A06C-79DB2F9AC85D}.Ad-Hoc|ARM.Deploy.0 = Release|ARM
		{85CF108E-F2A1-457E-A06C-79DB2F9AC85D}.Ad-Hoc|iPhone.ActiveCfg = Release|x86
		{85CF108E-F2A1-457E-A06C-79DB2F9AC85D}.Ad-Hoc|iPhone.Build.0 = Release|x86
		{85CF108E-F2A1-457E-A06C-79DB2F9AC85D}.Ad-Hoc|iPhone.Deploy.0 = Release|x86
		{85CF108E-F2A1-457E-A06C-79DB2F9AC85D}.Ad-Hoc|iPhoneSimulator.ActiveCfg = Release|x86
		{85CF108E-F2A1-457E-A06C-79DB2F9AC85D}.Ad-Hoc|iPhoneSimulator.Build.0 = Release|x86
		{85CF108E-F2A1-457E-A06C-79DB2F9AC85D}.Ad-Hoc|iPhoneSimulator.Deploy.0 = Release|x86
		{85CF108E-F2A1-457E-A06C-79DB2F9AC85D}.Ad-Hoc|x64.ActiveCfg = Release|x64
		{85CF108E-F2A1-457E-A06C-79DB2F9AC85D}.Ad-Hoc|x64.Build.0 = Release|x64
		{85CF108E-F2A1-457E-A06C-79DB2F9AC85D}.Ad-Hoc|x64.Deploy.0 = Release|x64
		{85CF108E-F2A1-457E-A06C-79DB2F9AC85D}.Ad-Hoc|x86.ActiveCfg = Release|x86
		{85CF108E-F2A1-457E-A06C-79DB2F9AC85D}.Ad-Hoc|x86.Build.0 = Release|x86
		{85CF108E-F2A1-457E-A06C-79DB2F9AC85D}.Ad-Hoc|x86.Deploy.0 = Release|x86
		{85CF108E-F2A1-457E-A06C-79DB2F9AC85D}.AppStore|Any CPU.ActiveCfg = Release|x86
		{85CF108E-F2A1-457E-A06C-79DB2F9AC85D}.AppStore|Any CPU.Build.0 = Release|x86
		{85CF108E-F2A1-457E-A06C-79DB2F9AC85D}.AppStore|Any CPU.Deploy.0 = Release|x86
		{85CF108E-F2A1-457E-A06C-79DB2F9AC85D}.AppStore|ARM.ActiveCfg = Release|ARM
		{85CF108E-F2A1-457E-A06C-79DB2F9AC85D}.AppStore|ARM.Build.0 = Release|ARM
		{85CF108E-F2A1-457E-A06C-79DB2F9AC85D}.AppStore|ARM.Deploy.0 = Release|ARM
		{85CF108E-F2A1-457E-A06C-79DB2F9AC85D}.AppStore|iPhone.ActiveCfg = Release|x86
		{85CF108E-F2A1-457E-A06C-79DB2F9AC85D}.AppStore|iPhone.Build.0 = Release|x86
		{85CF108E-F2A1-457E-A06C-79DB2F9AC85D}.AppStore|iPhone.Deploy.0 = Release|x86
		{85CF108E-F2A1-457E-A06C-79DB2F9AC85D}.AppStore|iPhoneSimulator.ActiveCfg = Release|x86
		{85CF108E-F2A1-457E-A06C-79DB2F9AC85D}.AppStore|iPhoneSimulator.Build.0 = Release|x86
		{85CF108E-F2A1-457E-A06C-79DB2F9AC85D}.AppStore|iPhoneSimulator.Deploy.0 = Release|x86
		{85CF108E-F2A1-457E-A06C-79DB2F9AC85D}.AppStore|x64.ActiveCfg = Release|x64
		{85CF108E-F2A1-457E-A06C-79DB2F9AC85D}.AppStore|x64.Build.0 = Release|x64
		{85CF108E-F2A1-457E-A06C-79DB2F9AC85D}.AppStore|x64.Deploy.0 = Release|x64
		{85CF108E-F2A1-457E-A06C-79DB2F9AC85D}.AppStore|x86.ActiveCfg = Release|x86
		{85CF108E-F2A1-457E-A06C-79DB2F9AC85D}.AppStore|x86.Build.0 = Release|x86
		{85CF108E-F2A1-457E-A06C-79DB2F9AC85D}.AppStore|x86.Deploy.0 = Release|x86
		{85CF108E-F2A1-457E-A06C-79DB2F9AC85D}.Debug|Any CPU.ActiveCfg = Debug|x86
		{85CF108E-F2A1-457E-A06C-79DB2F9AC85D}.Debug|ARM.ActiveCfg = Debug|ARM
		{85CF108E-F2A1-457E-A06C-79DB2F9AC85D}.Debug|ARM.Build.0 = Debug|ARM
		{85CF108E-F2A1-457E-A06C-79DB2F9AC85D}.Debug|ARM.Deploy.0 = Debug|ARM
		{85CF108E-F2A1-457E-A06C-79DB2F9AC85D}.Debug|iPhone.ActiveCfg = Debug|x86
		{85CF108E-F2A1-457E-A06C-79DB2F9AC85D}.Debug|iPhoneSimulator.ActiveCfg = Debug|x86
		{85CF108E-F2A1-457E-A06C-79DB2F9AC85D}.Debug|x64.ActiveCfg = Debug|x64
		{85CF108E-F2A1-457E-A06C-79DB2F9AC85D}.Debug|x64.Build.0 = Debug|x64
		{85CF108E-F2A1-457E-A06C-79DB2F9AC85D}.Debug|x64.Deploy.0 = Debug|x64
		{85CF108E-F2A1-457E-A06C-79DB2F9AC85D}.Debug|x86.ActiveCfg = Debug|x86
		{85CF108E-F2A1-457E-A06C-79DB2F9AC85D}.Debug|x86.Build.0 = Debug|x86
		{85CF108E-F2A1-457E-A06C-79DB2F9AC85D}.Debug|x86.Deploy.0 = Debug|x86
		{85CF108E-F2A1-457E-A06C-79DB2F9AC85D}.Release|Any CPU.ActiveCfg = Release|x86
		{85CF108E-F2A1-457E-A06C-79DB2F9AC85D}.Release|ARM.ActiveCfg = Release|ARM
		{85CF108E-F2A1-457E-A06C-79DB2F9AC85D}.Release|ARM.Build.0 = Release|ARM
		{85CF108E-F2A1-457E-A06C-79DB2F9AC85D}.Release|ARM.Deploy.0 = Release|ARM
		{85CF108E-F2A1-457E-A06C-79DB2F9AC85D}.Release|iPhone.ActiveCfg = Release|x86
		{85CF108E-F2A1-457E-A06C-79DB2F9AC85D}.Release|iPhoneSimulator.ActiveCfg = Release|x86
		{85CF108E-F2A1-457E-A06C-79DB2F9AC85D}.Release|x64.ActiveCfg = Release|x64
		{85CF108E-F2A1-457E-A06C-79DB2F9AC85D}.Release|x64.Build.0 = Release|x64
		{85CF108E-F2A1-457E-A06C-79DB2F9AC85D}.Release|x64.Deploy.0 = Release|x64
		{85CF108E-F2A1-457E-A06C-79DB2F9AC85D}.Release|x86.ActiveCfg = Release|x86
		{85CF108E-F2A1-457E-A06C-79DB2F9AC85D}.Release|x86.Build.0 = Release|x86
		{85CF108E-F2A1-457E-A06C-79DB2F9AC85D}.Release|x86.Deploy.0 = Release|x86
		{2D5066F3-7B74-4847-BFED-C0F17CE1AF1A}.Ad-Hoc|Any CPU.ActiveCfg = Ad-Hoc|iPhone
		{2D5066F3-7B74-4847-BFED-C0F17CE1AF1A}.Ad-Hoc|ARM.ActiveCfg = Ad-Hoc|iPhone
		{2D5066F3-7B74-4847-BFED-C0F17CE1AF1A}.Ad-Hoc|iPhone.ActiveCfg = Ad-Hoc|iPhone
		{2D5066F3-7B74-4847-BFED-C0F17CE1AF1A}.Ad-Hoc|iPhone.Build.0 = Ad-Hoc|iPhone
		{2D5066F3-7B74-4847-BFED-C0F17CE1AF1A}.Ad-Hoc|iPhoneSimulator.ActiveCfg = Ad-Hoc|iPhoneSimulator
		{2D5066F3-7B74-4847-BFED-C0F17CE1AF1A}.Ad-Hoc|iPhoneSimulator.Build.0 = Ad-Hoc|iPhoneSimulator
		{2D5066F3-7B74-4847-BFED-C0F17CE1AF1A}.Ad-Hoc|x64.ActiveCfg = Ad-Hoc|iPhone
		{2D5066F3-7B74-4847-BFED-C0F17CE1AF1A}.Ad-Hoc|x86.ActiveCfg = Ad-Hoc|iPhone
		{2D5066F3-7B74-4847-BFED-C0F17CE1AF1A}.AppStore|Any CPU.ActiveCfg = AppStore|iPhone
		{2D5066F3-7B74-4847-BFED-C0F17CE1AF1A}.AppStore|ARM.ActiveCfg = AppStore|iPhone
		{2D5066F3-7B74-4847-BFED-C0F17CE1AF1A}.AppStore|iPhone.ActiveCfg = AppStore|iPhone
		{2D5066F3-7B74-4847-BFED-C0F17CE1AF1A}.AppStore|iPhone.Build.0 = AppStore|iPhone
		{2D5066F3-7B74-4847-BFED-C0F17CE1AF1A}.AppStore|iPhoneSimulator.ActiveCfg = AppStore|iPhoneSimulator
		{2D5066F3-7B74-4847-BFED-C0F17CE1AF1A}.AppStore|iPhoneSimulator.Build.0 = AppStore|iPhoneSimulator
		{2D5066F3-7B74-4847-BFED-C0F17CE1AF1A}.AppStore|x64.ActiveCfg = AppStore|iPhone
		{2D5066F3-7B74-4847-BFED-C0F17CE1AF1A}.AppStore|x86.ActiveCfg = AppStore|iPhone
		{2D5066F3-7B74-4847-BFED-C0F17CE1AF1A}.Debug|Any CPU.ActiveCfg = Debug|iPhone
		{2D5066F3-7B74-4847-BFED-C0F17CE1AF1A}.Debug|ARM.ActiveCfg = Debug|iPhone
		{2D5066F3-7B74-4847-BFED-C0F17CE1AF1A}.Debug|iPhone.ActiveCfg = Debug|iPhone
		{2D5066F3-7B74-4847-BFED-C0F17CE1AF1A}.Debug|iPhone.Build.0 = Debug|iPhone
		{2D5066F3-7B74-4847-BFED-C0F17CE1AF1A}.Debug|iPhoneSimulator.ActiveCfg = Debug|iPhoneSimulator
		{2D5066F3-7B74-4847-BFED-C0F17CE1AF1A}.Debug|iPhoneSimulator.Build.0 = Debug|iPhoneSimulator
		{2D5066F3-7B74-4847-BFED-C0F17CE1AF1A}.Debug|x64.ActiveCfg = Debug|iPhone
		{2D5066F3-7B74-4847-BFED-C0F17CE1AF1A}.Debug|x86.ActiveCfg = Debug|iPhone
		{2D5066F3-7B74-4847-BFED-C0F17CE1AF1A}.Release|Any CPU.ActiveCfg = Release|iPhone
		{2D5066F3-7B74-4847-BFED-C0F17CE1AF1A}.Release|ARM.ActiveCfg = Release|iPhone
		{2D5066F3-7B74-4847-BFED-C0F17CE1AF1A}.Release|iPhone.ActiveCfg = Release|iPhone
		{2D5066F3-7B74-4847-BFED-C0F17CE1AF1A}.Release|iPhone.Build.0 = Release|iPhone
		{2D5066F3-7B74-4847-BFED-C0F17CE1AF1A}.Release|iPhoneSimulator.ActiveCfg = Release|iPhoneSimulator
		{2D5066F3-7B74-4847-BFED-C0F17CE1AF1A}.Release|iPhoneSimulator.Build.0 = Release|iPhoneSimulator
		{2D5066F3-7B74-4847-BFED-C0F17CE1AF1A}.Release|x64.ActiveCfg = Release|iPhone
		{2D5066F3-7B74-4847-BFED-C0F17CE1AF1A}.Release|x86.ActiveCfg = Release|iPhone
	EndGlobalSection
	GlobalSection(SolutionProperties) = preSolution
		HideSolutionNode = FALSE
	EndGlobalSection
	GlobalSection(ExtensibilityGlobals) = postSolution
		SolutionGuid = {DD08D861-8FFB-4CD0-8037-14E66B060010}
	EndGlobalSection
EndGlobal
